// !$*UTF8*$!
{
	archiveVersion = 1;
	classes = {
	};
	objectVersion = 46;
	objects = {

/* Begin PBXBuildFile section */
		9013F9A515FDEF0400BC8948 /* Animation.m in Sources */ = {isa = PBXBuildFile; fileRef = 9013F9A415FDEF0300BC8948 /* Animation.m */; };
		901BF6271626FE100019E89C /* X.png in Resources */ = {isa = PBXBuildFile; fileRef = 901BF6261626FE100019E89C /* X.png */; };
		901BF633162748D80019E89C /* ed.JPG in Resources */ = {isa = PBXBuildFile; fileRef = 901BF631162748D80019E89C /* ed.JPG */; };
		901BF634162748D80019E89C /* sam.JPG in Resources */ = {isa = PBXBuildFile; fileRef = 901BF632162748D80019E89C /* sam.JPG */; };
		901BF639162755CC0019E89C /* SoundButton.png in Resources */ = {isa = PBXBuildFile; fileRef = 901BF637162755CB0019E89C /* SoundButton.png */; };
		901BF63A162755CC0019E89C /* SoundButton@2x.png in Resources */ = {isa = PBXBuildFile; fileRef = 901BF638162755CB0019E89C /* SoundButton@2x.png */; };
		901BF63D162761570019E89C /* UIImageView + Extenstions.m in Sources */ = {isa = PBXBuildFile; fileRef = 901BF63C162761530019E89C /* UIImageView + Extenstions.m */; };
		902B582416145AF800061CED /* cameraButton@2x.png in Resources */ = {isa = PBXBuildFile; fileRef = 902B582216145AF800061CED /* cameraButton@2x.png */; };
		902B582516145AF800061CED /* photoAlbumButton@2x.png in Resources */ = {isa = PBXBuildFile; fileRef = 902B582316145AF800061CED /* photoAlbumButton@2x.png */; };
		902B582816145B9C00061CED /* cameraButtonPressed@2x.png in Resources */ = {isa = PBXBuildFile; fileRef = 902B582616145B9C00061CED /* cameraButtonPressed@2x.png */; };
		902B582916145B9C00061CED /* photoAlbumButtonPressed@2x.png in Resources */ = {isa = PBXBuildFile; fileRef = 902B582716145B9C00061CED /* photoAlbumButtonPressed@2x.png */; };
		902B58441614EA0700061CED /* faceFeature.m in Sources */ = {isa = PBXBuildFile; fileRef = 902B58431614EA0700061CED /* faceFeature.m */; };
		90302B0A160B9E7A00F8992C /* SHKCustomSharers.plist in Resources */ = {isa = PBXBuildFile; fileRef = 90302B09160B9E7A00F8992C /* SHKCustomSharers.plist */; };
		90302BA91610D18600F8992C /* HairScrollViewContainer.m in Sources */ = {isa = PBXBuildFile; fileRef = 90302BA71610D16C00F8992C /* HairScrollViewContainer.m */; };
		903930161620437E000D3B9E /* faceScaled.png in Resources */ = {isa = PBXBuildFile; fileRef = 903930151620437E000D3B9E /* faceScaled.png */; };
		905EAC86160230AD000C8264 /* libz.dylib in Frameworks */ = {isa = PBXBuildFile; fileRef = 905EAC85160230AD000C8264 /* libz.dylib */; };
		90741F521617D4F30006688D /* Green_tick.png in Resources */ = {isa = PBXBuildFile; fileRef = 90741F511617D4F30006688D /* Green_tick.png */; };
		9077C0401620AE4200476FFC /* DoubleFeature20.ttf in Resources */ = {isa = PBXBuildFile; fileRef = 9039302D1620A706000D3B9E /* DoubleFeature20.ttf */; };
		9077C04B1622FEBA00476FFC /* Sound.m in Sources */ = {isa = PBXBuildFile; fileRef = 9077C0471622EDBC00476FFC /* Sound.m */; };
		9077C04F1623032000476FFC /* TheUndead.mp3 in Resources */ = {isa = PBXBuildFile; fileRef = 9077C04E1623032000476FFC /* TheUndead.mp3 */; };
		9077C06216236B0700476FFC /* laugh.mp3 in Resources */ = {isa = PBXBuildFile; fileRef = 9077C06116236B0700476FFC /* laugh.mp3 */; };
		9078FD5519FF9E240052FC74 /* UIKit.framework in Frameworks */ = {isa = PBXBuildFile; fileRef = 9078FD5419FF9E240052FC74 /* UIKit.framework */; };
		9078FD5619FF9E3D0052FC74 /* CoreImage.framework in Frameworks */ = {isa = PBXBuildFile; fileRef = BE24843D15F0DC6900219F13 /* CoreImage.framework */; };
		9078FD5719FF9E3D0052FC74 /* CoreImage.framework in Embed Frameworks */ = {isa = PBXBuildFile; fileRef = BE24843D15F0DC6900219F13 /* CoreImage.framework */; settings = {ATTRIBUTES = (CodeSignOnCopy, RemoveHeadersOnCopy, ); }; };
		9078FD5A19FF9E4B0052FC74 /* QuartzCore.framework in Frameworks */ = {isa = PBXBuildFile; fileRef = 9078FD5919FF9E4B0052FC74 /* QuartzCore.framework */; };
		9078FD5C19FF9E5A0052FC74 /* CoreGraphics.framework in Frameworks */ = {isa = PBXBuildFile; fileRef = 9078FD5B19FF9E5A0052FC74 /* CoreGraphics.framework */; };
		9078FD5E19FF9E680052FC74 /* AVFoundation.framework in Frameworks */ = {isa = PBXBuildFile; fileRef = 9078FD5D19FF9E680052FC74 /* AVFoundation.framework */; };
		9078FD6A19FF9FF60052FC74 /* StoreKit.framework in Frameworks */ = {isa = PBXBuildFile; fileRef = 9078FD6919FF9FF60052FC74 /* StoreKit.framework */; };
		9078FD6E19FFA3140052FC74 /* libPods.a in Frameworks */ = {isa = PBXBuildFile; fileRef = 9078FD6D19FFA3140052FC74 /* libPods.a */; };
		907F4A7315FFE53800C4872F /* button.png in Resources */ = {isa = PBXBuildFile; fileRef = 907F4A6E15FFE53300C4872F /* button.png */; };
		907F4A7415FFE53800C4872F /* buttonPressed.png in Resources */ = {isa = PBXBuildFile; fileRef = 907F4A6F15FFE53300C4872F /* buttonPressed.png */; };
		9080952915F611B3002AE4B5 /* MySHKConfigurator.m in Sources */ = {isa = PBXBuildFile; fileRef = 9080952815F611B3002AE4B5 /* MySHKConfigurator.m */; };
		909F354F15FA04BC005FB900 /* RecentImagesTableView.m in Sources */ = {isa = PBXBuildFile; fileRef = 909F354D15FA04BC005FB900 /* RecentImagesTableView.m */; };
		909F355415FA0504005FB900 /* SaveImage.m in Sources */ = {isa = PBXBuildFile; fileRef = 909F355215FA0504005FB900 /* SaveImage.m */; };
		909F35A715FBD422005FB900 /* SaveImageVC.m in Sources */ = {isa = PBXBuildFile; fileRef = 909F35A515FBD421005FB900 /* SaveImageVC.m */; };
		909F35A815FBD422005FB900 /* SaveImageVC.xib in Resources */ = {isa = PBXBuildFile; fileRef = 909F35A615FBD422005FB900 /* SaveImageVC.xib */; };
		90C0019319FEE6AC00BF7C0C /* Podfile in Resources */ = {isa = PBXBuildFile; fileRef = 90C0019219FEE6AC00BF7C0C /* Podfile */; };
		90C39F4219FFA7F100CC9A92 /* Default-568h@2x.png in Resources */ = {isa = PBXBuildFile; fileRef = 90C39F4119FFA7F100CC9A92 /* Default-568h@2x.png */; };
		90C39F4419FFA7FF00CC9A92 /* Images.xcassets in Resources */ = {isa = PBXBuildFile; fileRef = 90C39F4319FFA7FF00CC9A92 /* Images.xcassets */; };
		90C9E6E4160A35BF00B0BB13 /* CameraVC.m in Sources */ = {isa = PBXBuildFile; fileRef = 90C9E6E3160A35BF00B0BB13 /* CameraVC.m */; };
		90C9E6E7160A487E00B0BB13 /* FaceImageProcessing.m in Sources */ = {isa = PBXBuildFile; fileRef = 90C9E6E6160A487E00B0BB13 /* FaceImageProcessing.m */; };
		90C9E6EA160A90DD00B0BB13 /* UIImage+Extensions.m in Sources */ = {isa = PBXBuildFile; fileRef = 90C9E6E9160A90DC00B0BB13 /* UIImage+Extensions.m */; };
		90CD40AA1631B34300B47E03 /* SKProduct+PriceWithCurrency.m in Sources */ = {isa = PBXBuildFile; fileRef = 90CD40A61631AFAD00B47E03 /* SKProduct+PriceWithCurrency.m */; };
		90CD40AB1631B34600B47E03 /* IAPStoreManager.m in Sources */ = {isa = PBXBuildFile; fileRef = 90CD40A31631AFAD00B47E03 /* IAPStoreManager.m */; };
		90CD40AC1631B34B00B47E03 /* IAPProduct.m in Sources */ = {isa = PBXBuildFile; fileRef = 90CD40A11631AFAD00B47E03 /* IAPProduct.m */; };
		90CD40AD1631B34E00B47E03 /* IAPInfo.plist in Resources */ = {isa = PBXBuildFile; fileRef = 90CD409E1631AFAD00B47E03 /* IAPInfo.plist */; };
		90CD40AE1631B35200B47E03 /* IAPCatalogue.m in Sources */ = {isa = PBXBuildFile; fileRef = 90CD409D1631AFAD00B47E03 /* IAPCatalogue.m */; };
		90CD40AF1631B35400B47E03 /* FSMMachine.m in Sources */ = {isa = PBXBuildFile; fileRef = 90CD409B1631AFAD00B47E03 /* FSMMachine.m */; };
		90CD40BB1632DC9900B47E03 /* padlock.png in Resources */ = {isa = PBXBuildFile; fileRef = 90CD40BA1632DC9900B47E03 /* padlock.png */; };
		90CD40C4163363DC00B47E03 /* lefteye1.png in Resources */ = {isa = PBXBuildFile; fileRef = 90CD40BC163363DC00B47E03 /* lefteye1.png */; };
		90CD40C5163363DC00B47E03 /* lefteye2.png in Resources */ = {isa = PBXBuildFile; fileRef = 90CD40BD163363DC00B47E03 /* lefteye2.png */; };
		90CD40C6163363DC00B47E03 /* lefteye3.png in Resources */ = {isa = PBXBuildFile; fileRef = 90CD40BE163363DC00B47E03 /* lefteye3.png */; };
		90CD40C7163363DC00B47E03 /* lefteye4.png in Resources */ = {isa = PBXBuildFile; fileRef = 90CD40BF163363DC00B47E03 /* lefteye4.png */; };
		90CD40C8163363DC00B47E03 /* lefteye5.png in Resources */ = {isa = PBXBuildFile; fileRef = 90CD40C0163363DC00B47E03 /* lefteye5.png */; };
		90CD40C9163363DC00B47E03 /* lefteye6.png in Resources */ = {isa = PBXBuildFile; fileRef = 90CD40C1163363DC00B47E03 /* lefteye6.png */; };
		90CD40CA163363DC00B47E03 /* lefteye7.png in Resources */ = {isa = PBXBuildFile; fileRef = 90CD40C2163363DC00B47E03 /* lefteye7.png */; };
		90CD40CB163363DC00B47E03 /* lefteye8.png in Resources */ = {isa = PBXBuildFile; fileRef = 90CD40C3163363DC00B47E03 /* lefteye8.png */; };
		90CD40D4163363E900B47E03 /* righteye1.png in Resources */ = {isa = PBXBuildFile; fileRef = 90CD40CC163363E900B47E03 /* righteye1.png */; };
		90CD40D5163363E900B47E03 /* righteye2.png in Resources */ = {isa = PBXBuildFile; fileRef = 90CD40CD163363E900B47E03 /* righteye2.png */; };
		90CD40D6163363E900B47E03 /* righteye3.png in Resources */ = {isa = PBXBuildFile; fileRef = 90CD40CE163363E900B47E03 /* righteye3.png */; };
		90CD40D7163363E900B47E03 /* righteye4.png in Resources */ = {isa = PBXBuildFile; fileRef = 90CD40CF163363E900B47E03 /* righteye4.png */; };
		90CD40D8163363E900B47E03 /* righteye5.png in Resources */ = {isa = PBXBuildFile; fileRef = 90CD40D0163363E900B47E03 /* righteye5.png */; };
		90CD40D9163363E900B47E03 /* righteye6.png in Resources */ = {isa = PBXBuildFile; fileRef = 90CD40D1163363E900B47E03 /* righteye6.png */; };
		90CD40DA163363E900B47E03 /* righteye7.png in Resources */ = {isa = PBXBuildFile; fileRef = 90CD40D2163363E900B47E03 /* righteye7.png */; };
		90CD40DB163363E900B47E03 /* righteye8.png in Resources */ = {isa = PBXBuildFile; fileRef = 90CD40D3163363E900B47E03 /* righteye8.png */; };
		90D137A9162C5AD9002FA40D /* mouth1.png in Resources */ = {isa = PBXBuildFile; fileRef = 90D13786162C5AD9002FA40D /* mouth1.png */; };
		90D137AB162C5AD9002FA40D /* mouth11.png in Resources */ = {isa = PBXBuildFile; fileRef = 90D13788162C5AD9002FA40D /* mouth11.png */; };
		90D137AC162C5AD9002FA40D /* mouth2.png in Resources */ = {isa = PBXBuildFile; fileRef = 90D13789162C5AD9002FA40D /* mouth2.png */; };
		90D137AD162C5AD9002FA40D /* mouth3.png in Resources */ = {isa = PBXBuildFile; fileRef = 90D1378A162C5AD9002FA40D /* mouth3.png */; };
		90D137AE162C5AD9002FA40D /* mouth4.png in Resources */ = {isa = PBXBuildFile; fileRef = 90D1378B162C5AD9002FA40D /* mouth4.png */; };
		90D137AF162C5AD9002FA40D /* mouth5.png in Resources */ = {isa = PBXBuildFile; fileRef = 90D1378C162C5AD9002FA40D /* mouth5.png */; };
		90D137B0162C5AD9002FA40D /* mouth6.png in Resources */ = {isa = PBXBuildFile; fileRef = 90D1378D162C5AD9002FA40D /* mouth6.png */; };
		90D137B1162C5AD9002FA40D /* mouth7.png in Resources */ = {isa = PBXBuildFile; fileRef = 90D1378E162C5AD9002FA40D /* mouth7.png */; };
		90D137B2162C5AD9002FA40D /* mouth8.png in Resources */ = {isa = PBXBuildFile; fileRef = 90D1378F162C5AD9002FA40D /* mouth8.png */; };
		90D137B3162C5AD9002FA40D /* mouth9.png in Resources */ = {isa = PBXBuildFile; fileRef = 90D13790162C5AD9002FA40D /* mouth9.png */; };
		90D137C8162C87E1002FA40D /* mouth10.png in Resources */ = {isa = PBXBuildFile; fileRef = 90D137C7162C87E1002FA40D /* mouth10.png */; };
		90D137D9162CA01E002FA40D /* scar1.png in Resources */ = {isa = PBXBuildFile; fileRef = 90D137D3162CA01E002FA40D /* scar1.png */; };
		90D137DC162CA01E002FA40D /* scar2.png in Resources */ = {isa = PBXBuildFile; fileRef = 90D137D6162CA01E002FA40D /* scar2.png */; };
		90D137E0162DBFC5002FA40D /* scar3.png in Resources */ = {isa = PBXBuildFile; fileRef = 90D137DF162DBFC4002FA40D /* scar3.png */; };
		90D137E3162E016A002FA40D /* scar4.png in Resources */ = {isa = PBXBuildFile; fileRef = 90D137E1162E0167002FA40D /* scar4.png */; };
		90D137E4162E016A002FA40D /* scar5.png in Resources */ = {isa = PBXBuildFile; fileRef = 90D137E2162E0169002FA40D /* scar5.png */; };
		90E46B2516060269008514B5 /* cameraButton.png in Resources */ = {isa = PBXBuildFile; fileRef = 90E46B2416060269008514B5 /* cameraButton.png */; };
		90E46B27160610D1008514B5 /* photoAlbumButton.png in Resources */ = {isa = PBXBuildFile; fileRef = 90E46B26160610D1008514B5 /* photoAlbumButton.png */; };
		90E46B2C1606161E008514B5 /* cameraButtonPressed.png in Resources */ = {isa = PBXBuildFile; fileRef = 90E46B2A1606161E008514B5 /* cameraButtonPressed.png */; };
		90E46B2D1606161E008514B5 /* photoAlbumButtonPressed.png in Resources */ = {isa = PBXBuildFile; fileRef = 90E46B2B1606161E008514B5 /* photoAlbumButtonPressed.png */; };
		90E46B3316069252008514B5 /* InfoView.xib in Resources */ = {isa = PBXBuildFile; fileRef = 90E46B3216069252008514B5 /* InfoView.xib */; };
		90E46B3C16069591008514B5 /* InfoVC.m in Sources */ = {isa = PBXBuildFile; fileRef = 90E46B3B16069590008514B5 /* InfoVC.m */; };
		90E6B83A15F6795000A7ED78 /* ImageManipulationVC.m in Sources */ = {isa = PBXBuildFile; fileRef = 90E6B83915F6795000A7ED78 /* ImageManipulationVC.m */; };
		90E6B84315F6822300A7ED78 /* ImageManipulationView.xib in Resources */ = {isa = PBXBuildFile; fileRef = 90E6B84215F6822300A7ED78 /* ImageManipulationView.xib */; };
		90FED2B01635DDE4007AA03A /* Default.png in Resources */ = {isa = PBXBuildFile; fileRef = 90FED2AF1635DDE4007AA03A /* Default.png */; };
		90FED2B21635DDEA007AA03A /* Default@2x.png in Resources */ = {isa = PBXBuildFile; fileRef = 90FED2B11635DDEA007AA03A /* Default@2x.png */; };
		90FED2B41635DE02007AA03A /* background.png in Resources */ = {isa = PBXBuildFile; fileRef = 90FED2B31635DE02007AA03A /* background.png */; };
		B5C5334A164718A7000D35C6 /* facebook_page_button.png in Resources */ = {isa = PBXBuildFile; fileRef = B5C53349164718A7000D35C6 /* facebook_page_button.png */; };
		BE24841D15F0DB9A00219F13 /* Foundation.framework in Frameworks */ = {isa = PBXBuildFile; fileRef = BE24841C15F0DB9A00219F13 /* Foundation.framework */; };
		BE24842515F0DB9A00219F13 /* InfoPlist.strings in Resources */ = {isa = PBXBuildFile; fileRef = BE24842315F0DB9A00219F13 /* InfoPlist.strings */; };
		BE24842715F0DB9A00219F13 /* main.m in Sources */ = {isa = PBXBuildFile; fileRef = BE24842615F0DB9A00219F13 /* main.m */; };
		BE24842B15F0DB9A00219F13 /* AppDelegate.m in Sources */ = {isa = PBXBuildFile; fileRef = BE24842A15F0DB9A00219F13 /* AppDelegate.m */; };
		BE24842E15F0DB9A00219F13 /* MainScreenVC.m in Sources */ = {isa = PBXBuildFile; fileRef = BE24842D15F0DB9A00219F13 /* MainScreenVC.m */; };
		BE24843115F0DB9A00219F13 /* MainScreenVC_iPhone.xib in Resources */ = {isa = PBXBuildFile; fileRef = BE24842F15F0DB9A00219F13 /* MainScreenVC_iPhone.xib */; };
		BE24843415F0DB9A00219F13 /* MainScreenVC_iPad.xib in Resources */ = {isa = PBXBuildFile; fileRef = BE24843215F0DB9A00219F13 /* MainScreenVC_iPad.xib */; };
		C7CEF55D163972D100C4B90C /* GADBannerView+SetFrame.m in Sources */ = {isa = PBXBuildFile; fileRef = C7CEF55C163972D100C4B90C /* GADBannerView+SetFrame.m */; };
/* End PBXBuildFile section */

/* Begin PBXCopyFilesBuildPhase section */
		9078FD5819FF9E3E0052FC74 /* Embed Frameworks */ = {
			isa = PBXCopyFilesBuildPhase;
			buildActionMask = 2147483647;
			dstPath = "";
			dstSubfolderSpec = 10;
			files = (
				9078FD5719FF9E3D0052FC74 /* CoreImage.framework in Embed Frameworks */,
			);
			name = "Embed Frameworks";
			runOnlyForDeploymentPostprocessing = 0;
		};
/* End PBXCopyFilesBuildPhase section */

/* Begin PBXFileReference section */
		0F0B5F8506C9F8083E040CC4 /* Pods.release.xcconfig */ = {isa = PBXFileReference; includeInIndex = 1; lastKnownFileType = text.xcconfig; name = Pods.release.xcconfig; path = "Pods/Target Support Files/Pods/Pods.release.xcconfig"; sourceTree = "<group>"; };
		606F83C324FD9C796A5C2289 /* Pods.debug.xcconfig */ = {isa = PBXFileReference; includeInIndex = 1; lastKnownFileType = text.xcconfig; name = Pods.debug.xcconfig; path = "Pods/Target Support Files/Pods/Pods.debug.xcconfig"; sourceTree = "<group>"; };
		70461EE6833CC9E24C1E9434 /* libPods.a */ = {isa = PBXFileReference; explicitFileType = archive.ar; includeInIndex = 0; path = libPods.a; sourceTree = BUILT_PRODUCTS_DIR; };
		9013F9A315FDEF0200BC8948 /* Animation.h */ = {isa = PBXFileReference; fileEncoding = 4; lastKnownFileType = sourcecode.c.h; path = Animation.h; sourceTree = "<group>"; };
		9013F9A415FDEF0300BC8948 /* Animation.m */ = {isa = PBXFileReference; fileEncoding = 4; lastKnownFileType = sourcecode.c.objc; path = Animation.m; sourceTree = "<group>"; };
		901BF6261626FE100019E89C /* X.png */ = {isa = PBXFileReference; lastKnownFileType = image.png; path = X.png; sourceTree = "<group>"; };
		901BF631162748D80019E89C /* ed.JPG */ = {isa = PBXFileReference; lastKnownFileType = image.jpeg; path = ed.JPG; sourceTree = "<group>"; };
		901BF632162748D80019E89C /* sam.JPG */ = {isa = PBXFileReference; lastKnownFileType = image.jpeg; path = sam.JPG; sourceTree = "<group>"; };
		901BF637162755CB0019E89C /* SoundButton.png */ = {isa = PBXFileReference; lastKnownFileType = image.png; path = SoundButton.png; sourceTree = "<group>"; };
		901BF638162755CB0019E89C /* SoundButton@2x.png */ = {isa = PBXFileReference; lastKnownFileType = image.png; path = "SoundButton@2x.png"; sourceTree = "<group>"; };
		901BF63B162761520019E89C /* UIImageView + Extenstions.h */ = {isa = PBXFileReference; fileEncoding = 4; lastKnownFileType = sourcecode.c.h; path = "UIImageView + Extenstions.h"; sourceTree = "<group>"; };
		901BF63C162761530019E89C /* UIImageView + Extenstions.m */ = {isa = PBXFileReference; fileEncoding = 4; lastKnownFileType = sourcecode.c.objc; path = "UIImageView + Extenstions.m"; sourceTree = "<group>"; };
		902B582216145AF800061CED /* cameraButton@2x.png */ = {isa = PBXFileReference; lastKnownFileType = image.png; name = "cameraButton@2x.png"; path = "Graphics/Retina/Buttons/cameraButton@2x.png"; sourceTree = SOURCE_ROOT; };
		902B582316145AF800061CED /* photoAlbumButton@2x.png */ = {isa = PBXFileReference; lastKnownFileType = image.png; name = "photoAlbumButton@2x.png"; path = "Graphics/Retina/Buttons/photoAlbumButton@2x.png"; sourceTree = SOURCE_ROOT; };
		902B582616145B9C00061CED /* cameraButtonPressed@2x.png */ = {isa = PBXFileReference; lastKnownFileType = image.png; name = "cameraButtonPressed@2x.png"; path = "Graphics/Retina/Buttons/cameraButtonPressed@2x.png"; sourceTree = SOURCE_ROOT; };
		902B582716145B9C00061CED /* photoAlbumButtonPressed@2x.png */ = {isa = PBXFileReference; lastKnownFileType = image.png; name = "photoAlbumButtonPressed@2x.png"; path = "Graphics/Retina/Buttons/photoAlbumButtonPressed@2x.png"; sourceTree = SOURCE_ROOT; };
		902B58421614EA0700061CED /* faceFeature.h */ = {isa = PBXFileReference; fileEncoding = 4; lastKnownFileType = sourcecode.c.h; path = faceFeature.h; sourceTree = "<group>"; };
		902B58431614EA0700061CED /* faceFeature.m */ = {isa = PBXFileReference; fileEncoding = 4; lastKnownFileType = sourcecode.c.objc; path = faceFeature.m; sourceTree = "<group>"; };
		90302B09160B9E7A00F8992C /* SHKCustomSharers.plist */ = {isa = PBXFileReference; fileEncoding = 4; lastKnownFileType = text.plist.xml; path = SHKCustomSharers.plist; sourceTree = SOURCE_ROOT; };
		90302BA61610D16C00F8992C /* HairScrollViewContainer.h */ = {isa = PBXFileReference; lastKnownFileType = sourcecode.c.h; path = HairScrollViewContainer.h; sourceTree = "<group>"; };
		90302BA71610D16C00F8992C /* HairScrollViewContainer.m */ = {isa = PBXFileReference; lastKnownFileType = sourcecode.c.objc; path = HairScrollViewContainer.m; sourceTree = "<group>"; };
		903930151620437E000D3B9E /* faceScaled.png */ = {isa = PBXFileReference; lastKnownFileType = image.png; path = faceScaled.png; sourceTree = "<group>"; };
		9039302D1620A706000D3B9E /* DoubleFeature20.ttf */ = {isa = PBXFileReference; lastKnownFileType = file; path = DoubleFeature20.ttf; sourceTree = SOURCE_ROOT; };
		905EAC85160230AD000C8264 /* libz.dylib */ = {isa = PBXFileReference; lastKnownFileType = "compiled.mach-o.dylib"; name = libz.dylib; path = usr/lib/libz.dylib; sourceTree = SDKROOT; };
		90741F511617D4F30006688D /* Green_tick.png */ = {isa = PBXFileReference; lastKnownFileType = image.png; name = Green_tick.png; path = "Graphics/Non Retina/Background/Green_tick.png"; sourceTree = SOURCE_ROOT; };
		9077C0461622EDBC00476FFC /* Sound.h */ = {isa = PBXFileReference; lastKnownFileType = sourcecode.c.h; path = Sound.h; sourceTree = "<group>"; };
		9077C0471622EDBC00476FFC /* Sound.m */ = {isa = PBXFileReference; lastKnownFileType = sourcecode.c.objc; path = Sound.m; sourceTree = "<group>"; };
		9077C04E1623032000476FFC /* TheUndead.mp3 */ = {isa = PBXFileReference; lastKnownFileType = audio.mp3; name = TheUndead.mp3; path = "Mood Board Images:sounds/TheUndead.mp3"; sourceTree = SOURCE_ROOT; };
		9077C06116236B0700476FFC /* laugh.mp3 */ = {isa = PBXFileReference; lastKnownFileType = audio.mp3; path = laugh.mp3; sourceTree = "<group>"; };
		9078FD5419FF9E240052FC74 /* UIKit.framework */ = {isa = PBXFileReference; lastKnownFileType = wrapper.framework; name = UIKit.framework; path = System/Library/Frameworks/UIKit.framework; sourceTree = SDKROOT; };
		9078FD5919FF9E4B0052FC74 /* QuartzCore.framework */ = {isa = PBXFileReference; lastKnownFileType = wrapper.framework; name = QuartzCore.framework; path = System/Library/Frameworks/QuartzCore.framework; sourceTree = SDKROOT; };
		9078FD5B19FF9E5A0052FC74 /* CoreGraphics.framework */ = {isa = PBXFileReference; lastKnownFileType = wrapper.framework; name = CoreGraphics.framework; path = System/Library/Frameworks/CoreGraphics.framework; sourceTree = SDKROOT; };
		9078FD5D19FF9E680052FC74 /* AVFoundation.framework */ = {isa = PBXFileReference; lastKnownFileType = wrapper.framework; name = AVFoundation.framework; path = System/Library/Frameworks/AVFoundation.framework; sourceTree = SDKROOT; };
		9078FD5F19FF9E720052FC74 /* AudioToolbox.framework */ = {isa = PBXFileReference; lastKnownFileType = wrapper.framework; name = AudioToolbox.framework; path = System/Library/Frameworks/AudioToolbox.framework; sourceTree = SDKROOT; };
		9078FD6119FF9E7F0052FC74 /* CFNetwork.framework */ = {isa = PBXFileReference; lastKnownFileType = wrapper.framework; name = CFNetwork.framework; path = System/Library/Frameworks/CFNetwork.framework; sourceTree = SDKROOT; };
		9078FD6319FF9E900052FC74 /* Social.framework */ = {isa = PBXFileReference; lastKnownFileType = wrapper.framework; name = Social.framework; path = System/Library/Frameworks/Social.framework; sourceTree = SDKROOT; };
		9078FD6519FF9E9F0052FC74 /* SystemConfiguration.framework */ = {isa = PBXFileReference; lastKnownFileType = wrapper.framework; name = SystemConfiguration.framework; path = System/Library/Frameworks/SystemConfiguration.framework; sourceTree = SDKROOT; };
		9078FD6719FF9EB60052FC74 /* MediaPlayer.framework */ = {isa = PBXFileReference; lastKnownFileType = wrapper.framework; name = MediaPlayer.framework; path = System/Library/Frameworks/MediaPlayer.framework; sourceTree = SDKROOT; };
		9078FD6919FF9FF60052FC74 /* StoreKit.framework */ = {isa = PBXFileReference; lastKnownFileType = wrapper.framework; name = StoreKit.framework; path = System/Library/Frameworks/StoreKit.framework; sourceTree = SDKROOT; };
		9078FD6B19FFA2DA0052FC74 /* libPods-FlurrySDK.a */ = {isa = PBXFileReference; lastKnownFileType = archive.ar; name = "libPods-FlurrySDK.a"; path = "Pods/build/Debug-iphoneos/libPods-FlurrySDK.a"; sourceTree = "<group>"; };
		9078FD6D19FFA3140052FC74 /* libPods.a */ = {isa = PBXFileReference; lastKnownFileType = archive.ar; name = libPods.a; path = "Pods/build/Debug-iphoneos/libPods.a"; sourceTree = "<group>"; };
		907F4A6E15FFE53300C4872F /* button.png */ = {isa = PBXFileReference; lastKnownFileType = image.png; name = button.png; path = "Graphics/Non Retina/Buttons/button.png"; sourceTree = SOURCE_ROOT; };
		907F4A6F15FFE53300C4872F /* buttonPressed.png */ = {isa = PBXFileReference; lastKnownFileType = image.png; name = buttonPressed.png; path = "Graphics/Non Retina/Buttons/buttonPressed.png"; sourceTree = SOURCE_ROOT; };
		9080952715F611B3002AE4B5 /* MySHKConfigurator.h */ = {isa = PBXFileReference; fileEncoding = 4; lastKnownFileType = sourcecode.c.h; path = MySHKConfigurator.h; sourceTree = "<group>"; };
		9080952815F611B3002AE4B5 /* MySHKConfigurator.m */ = {isa = PBXFileReference; fileEncoding = 4; lastKnownFileType = sourcecode.c.objc; path = MySHKConfigurator.m; sourceTree = "<group>"; };
		909F354C15FA04BC005FB900 /* RecentImagesTableView.h */ = {isa = PBXFileReference; fileEncoding = 4; lastKnownFileType = sourcecode.c.h; path = RecentImagesTableView.h; sourceTree = "<group>"; };
		909F354D15FA04BC005FB900 /* RecentImagesTableView.m */ = {isa = PBXFileReference; fileEncoding = 4; lastKnownFileType = sourcecode.c.objc; path = RecentImagesTableView.m; sourceTree = "<group>"; };
		909F355115FA0504005FB900 /* SaveImage.h */ = {isa = PBXFileReference; fileEncoding = 4; lastKnownFileType = sourcecode.c.h; path = SaveImage.h; sourceTree = "<group>"; };
		909F355215FA0504005FB900 /* SaveImage.m */ = {isa = PBXFileReference; fileEncoding = 4; lastKnownFileType = sourcecode.c.objc; path = SaveImage.m; sourceTree = "<group>"; };
		909F35A415FBD420005FB900 /* SaveImageVC.h */ = {isa = PBXFileReference; fileEncoding = 4; lastKnownFileType = sourcecode.c.h; path = SaveImageVC.h; sourceTree = "<group>"; };
		909F35A515FBD421005FB900 /* SaveImageVC.m */ = {isa = PBXFileReference; fileEncoding = 4; lastKnownFileType = sourcecode.c.objc; path = SaveImageVC.m; sourceTree = "<group>"; };
		909F35A615FBD422005FB900 /* SaveImageVC.xib */ = {isa = PBXFileReference; fileEncoding = 4; lastKnownFileType = file.xib; path = SaveImageVC.xib; sourceTree = "<group>"; };
		90C0019219FEE6AC00BF7C0C /* Podfile */ = {isa = PBXFileReference; fileEncoding = 4; lastKnownFileType = text; path = Podfile; sourceTree = "<group>"; };
		90C39F4119FFA7F100CC9A92 /* Default-568h@2x.png */ = {isa = PBXFileReference; lastKnownFileType = image.png; path = "Default-568h@2x.png"; sourceTree = "<group>"; };
		90C39F4319FFA7FF00CC9A92 /* Images.xcassets */ = {isa = PBXFileReference; lastKnownFileType = folder.assetcatalog; name = Images.xcassets; path = Zombify/Images.xcassets; sourceTree = "<group>"; };
		90C9E6E2160A35BF00B0BB13 /* CameraVC.h */ = {isa = PBXFileReference; fileEncoding = 4; lastKnownFileType = sourcecode.c.h; path = CameraVC.h; sourceTree = "<group>"; };
		90C9E6E3160A35BF00B0BB13 /* CameraVC.m */ = {isa = PBXFileReference; fileEncoding = 4; lastKnownFileType = sourcecode.c.objc; path = CameraVC.m; sourceTree = "<group>"; };
		90C9E6E5160A487E00B0BB13 /* FaceImageProcessing.h */ = {isa = PBXFileReference; fileEncoding = 4; lastKnownFileType = sourcecode.c.h; path = FaceImageProcessing.h; sourceTree = "<group>"; };
		90C9E6E6160A487E00B0BB13 /* FaceImageProcessing.m */ = {isa = PBXFileReference; fileEncoding = 4; lastKnownFileType = sourcecode.c.objc; path = FaceImageProcessing.m; sourceTree = "<group>"; };
		90C9E6E8160A90DC00B0BB13 /* UIImage+Extensions.h */ = {isa = PBXFileReference; fileEncoding = 4; lastKnownFileType = sourcecode.c.h; path = "UIImage+Extensions.h"; sourceTree = "<group>"; };
		90C9E6E9160A90DC00B0BB13 /* UIImage+Extensions.m */ = {isa = PBXFileReference; fileEncoding = 4; lastKnownFileType = sourcecode.c.objc; path = "UIImage+Extensions.m"; sourceTree = "<group>"; };
		90CD409A1631AFAD00B47E03 /* FSMMachine.h */ = {isa = PBXFileReference; lastKnownFileType = sourcecode.c.h; name = FSMMachine.h; path = External/InAppPurchasing/FSMMachine.h; sourceTree = SOURCE_ROOT; };
		90CD409B1631AFAD00B47E03 /* FSMMachine.m */ = {isa = PBXFileReference; lastKnownFileType = sourcecode.c.objc; name = FSMMachine.m; path = External/InAppPurchasing/FSMMachine.m; sourceTree = SOURCE_ROOT; };
		90CD409C1631AFAD00B47E03 /* IAPCatalogue.h */ = {isa = PBXFileReference; lastKnownFileType = sourcecode.c.h; name = IAPCatalogue.h; path = External/InAppPurchasing/IAPCatalogue.h; sourceTree = SOURCE_ROOT; };
		90CD409D1631AFAD00B47E03 /* IAPCatalogue.m */ = {isa = PBXFileReference; lastKnownFileType = sourcecode.c.objc; name = IAPCatalogue.m; path = External/InAppPurchasing/IAPCatalogue.m; sourceTree = SOURCE_ROOT; };
		90CD409E1631AFAD00B47E03 /* IAPInfo.plist */ = {isa = PBXFileReference; lastKnownFileType = text.plist.xml; name = IAPInfo.plist; path = External/InAppPurchasing/IAPInfo.plist; sourceTree = SOURCE_ROOT; };
		90CD409F1631AFAD00B47E03 /* IAPProduct+Friend.h */ = {isa = PBXFileReference; lastKnownFileType = sourcecode.c.h; name = "IAPProduct+Friend.h"; path = "External/InAppPurchasing/IAPProduct+Friend.h"; sourceTree = SOURCE_ROOT; };
		90CD40A01631AFAD00B47E03 /* IAPProduct.h */ = {isa = PBXFileReference; lastKnownFileType = sourcecode.c.h; name = IAPProduct.h; path = External/InAppPurchasing/IAPProduct.h; sourceTree = SOURCE_ROOT; };
		90CD40A11631AFAD00B47E03 /* IAPProduct.m */ = {isa = PBXFileReference; lastKnownFileType = sourcecode.c.objc; name = IAPProduct.m; path = External/InAppPurchasing/IAPProduct.m; sourceTree = SOURCE_ROOT; };
		90CD40A21631AFAD00B47E03 /* IAPStoreManager.h */ = {isa = PBXFileReference; lastKnownFileType = sourcecode.c.h; name = IAPStoreManager.h; path = External/InAppPurchasing/IAPStoreManager.h; sourceTree = SOURCE_ROOT; };
		90CD40A31631AFAD00B47E03 /* IAPStoreManager.m */ = {isa = PBXFileReference; lastKnownFileType = sourcecode.c.objc; name = IAPStoreManager.m; path = External/InAppPurchasing/IAPStoreManager.m; sourceTree = SOURCE_ROOT; };
		90CD40A41631AFAD00B47E03 /* README.md */ = {isa = PBXFileReference; lastKnownFileType = text; name = README.md; path = External/InAppPurchasing/README.md; sourceTree = SOURCE_ROOT; };
		90CD40A51631AFAD00B47E03 /* SKProduct+PriceWithCurrency.h */ = {isa = PBXFileReference; lastKnownFileType = sourcecode.c.h; name = "SKProduct+PriceWithCurrency.h"; path = "External/InAppPurchasing/SKProduct+PriceWithCurrency.h"; sourceTree = SOURCE_ROOT; };
		90CD40A61631AFAD00B47E03 /* SKProduct+PriceWithCurrency.m */ = {isa = PBXFileReference; lastKnownFileType = sourcecode.c.objc; name = "SKProduct+PriceWithCurrency.m"; path = "External/InAppPurchasing/SKProduct+PriceWithCurrency.m"; sourceTree = SOURCE_ROOT; };
		90CD40BA1632DC9900B47E03 /* padlock.png */ = {isa = PBXFileReference; lastKnownFileType = image.png; name = padlock.png; path = "Graphics/Non Retina/Buttons/padlock.png"; sourceTree = SOURCE_ROOT; };
		90CD40BC163363DC00B47E03 /* lefteye1.png */ = {isa = PBXFileReference; lastKnownFileType = image.png; path = lefteye1.png; sourceTree = "<group>"; };
		90CD40BD163363DC00B47E03 /* lefteye2.png */ = {isa = PBXFileReference; lastKnownFileType = image.png; path = lefteye2.png; sourceTree = "<group>"; };
		90CD40BE163363DC00B47E03 /* lefteye3.png */ = {isa = PBXFileReference; lastKnownFileType = image.png; path = lefteye3.png; sourceTree = "<group>"; };
		90CD40BF163363DC00B47E03 /* lefteye4.png */ = {isa = PBXFileReference; lastKnownFileType = image.png; path = lefteye4.png; sourceTree = "<group>"; };
		90CD40C0163363DC00B47E03 /* lefteye5.png */ = {isa = PBXFileReference; lastKnownFileType = image.png; path = lefteye5.png; sourceTree = "<group>"; };
		90CD40C1163363DC00B47E03 /* lefteye6.png */ = {isa = PBXFileReference; lastKnownFileType = image.png; path = lefteye6.png; sourceTree = "<group>"; };
		90CD40C2163363DC00B47E03 /* lefteye7.png */ = {isa = PBXFileReference; lastKnownFileType = image.png; path = lefteye7.png; sourceTree = "<group>"; };
		90CD40C3163363DC00B47E03 /* lefteye8.png */ = {isa = PBXFileReference; lastKnownFileType = image.png; path = lefteye8.png; sourceTree = "<group>"; };
		90CD40CC163363E900B47E03 /* righteye1.png */ = {isa = PBXFileReference; lastKnownFileType = image.png; path = righteye1.png; sourceTree = "<group>"; };
		90CD40CD163363E900B47E03 /* righteye2.png */ = {isa = PBXFileReference; lastKnownFileType = image.png; path = righteye2.png; sourceTree = "<group>"; };
		90CD40CE163363E900B47E03 /* righteye3.png */ = {isa = PBXFileReference; lastKnownFileType = image.png; path = righteye3.png; sourceTree = "<group>"; };
		90CD40CF163363E900B47E03 /* righteye4.png */ = {isa = PBXFileReference; lastKnownFileType = image.png; path = righteye4.png; sourceTree = "<group>"; };
		90CD40D0163363E900B47E03 /* righteye5.png */ = {isa = PBXFileReference; lastKnownFileType = image.png; path = righteye5.png; sourceTree = "<group>"; };
		90CD40D1163363E900B47E03 /* righteye6.png */ = {isa = PBXFileReference; lastKnownFileType = image.png; path = righteye6.png; sourceTree = "<group>"; };
		90CD40D2163363E900B47E03 /* righteye7.png */ = {isa = PBXFileReference; lastKnownFileType = image.png; path = righteye7.png; sourceTree = "<group>"; };
		90CD40D3163363E900B47E03 /* righteye8.png */ = {isa = PBXFileReference; lastKnownFileType = image.png; path = righteye8.png; sourceTree = "<group>"; };
		90D13786162C5AD9002FA40D /* mouth1.png */ = {isa = PBXFileReference; lastKnownFileType = image.png; path = mouth1.png; sourceTree = "<group>"; };
		90D13788162C5AD9002FA40D /* mouth11.png */ = {isa = PBXFileReference; lastKnownFileType = image.png; path = mouth11.png; sourceTree = "<group>"; };
		90D13789162C5AD9002FA40D /* mouth2.png */ = {isa = PBXFileReference; lastKnownFileType = image.png; path = mouth2.png; sourceTree = "<group>"; };
		90D1378A162C5AD9002FA40D /* mouth3.png */ = {isa = PBXFileReference; lastKnownFileType = image.png; path = mouth3.png; sourceTree = "<group>"; };
		90D1378B162C5AD9002FA40D /* mouth4.png */ = {isa = PBXFileReference; lastKnownFileType = image.png; path = mouth4.png; sourceTree = "<group>"; };
		90D1378C162C5AD9002FA40D /* mouth5.png */ = {isa = PBXFileReference; lastKnownFileType = image.png; path = mouth5.png; sourceTree = "<group>"; };
		90D1378D162C5AD9002FA40D /* mouth6.png */ = {isa = PBXFileReference; lastKnownFileType = image.png; path = mouth6.png; sourceTree = "<group>"; };
		90D1378E162C5AD9002FA40D /* mouth7.png */ = {isa = PBXFileReference; lastKnownFileType = image.png; path = mouth7.png; sourceTree = "<group>"; };
		90D1378F162C5AD9002FA40D /* mouth8.png */ = {isa = PBXFileReference; lastKnownFileType = image.png; path = mouth8.png; sourceTree = "<group>"; };
		90D13790162C5AD9002FA40D /* mouth9.png */ = {isa = PBXFileReference; lastKnownFileType = image.png; path = mouth9.png; sourceTree = "<group>"; };
		90D137C7162C87E1002FA40D /* mouth10.png */ = {isa = PBXFileReference; lastKnownFileType = image.png; path = mouth10.png; sourceTree = "<group>"; };
		90D137D3162CA01E002FA40D /* scar1.png */ = {isa = PBXFileReference; lastKnownFileType = image.png; path = scar1.png; sourceTree = "<group>"; };
		90D137D6162CA01E002FA40D /* scar2.png */ = {isa = PBXFileReference; lastKnownFileType = image.png; path = scar2.png; sourceTree = "<group>"; };
		90D137DF162DBFC4002FA40D /* scar3.png */ = {isa = PBXFileReference; lastKnownFileType = image.png; path = scar3.png; sourceTree = "<group>"; };
		90D137E1162E0167002FA40D /* scar4.png */ = {isa = PBXFileReference; lastKnownFileType = image.png; path = scar4.png; sourceTree = "<group>"; };
		90D137E2162E0169002FA40D /* scar5.png */ = {isa = PBXFileReference; lastKnownFileType = image.png; path = scar5.png; sourceTree = "<group>"; };
		90E46B2416060269008514B5 /* cameraButton.png */ = {isa = PBXFileReference; lastKnownFileType = image.png; name = cameraButton.png; path = "Graphics/Non Retina/Buttons/cameraButton.png"; sourceTree = SOURCE_ROOT; };
		90E46B26160610D1008514B5 /* photoAlbumButton.png */ = {isa = PBXFileReference; lastKnownFileType = image.png; name = photoAlbumButton.png; path = "Graphics/Non Retina/Buttons/photoAlbumButton.png"; sourceTree = SOURCE_ROOT; };
		90E46B2A1606161E008514B5 /* cameraButtonPressed.png */ = {isa = PBXFileReference; lastKnownFileType = image.png; name = cameraButtonPressed.png; path = "Graphics/Non Retina/Buttons/cameraButtonPressed.png"; sourceTree = SOURCE_ROOT; };
		90E46B2B1606161E008514B5 /* photoAlbumButtonPressed.png */ = {isa = PBXFileReference; lastKnownFileType = image.png; name = photoAlbumButtonPressed.png; path = "Graphics/Non Retina/Buttons/photoAlbumButtonPressed.png"; sourceTree = SOURCE_ROOT; };
		90E46B3216069252008514B5 /* InfoView.xib */ = {isa = PBXFileReference; fileEncoding = 4; lastKnownFileType = file.xib; path = InfoView.xib; sourceTree = "<group>"; };
		90E46B3A1606958E008514B5 /* InfoVC.h */ = {isa = PBXFileReference; fileEncoding = 4; lastKnownFileType = sourcecode.c.h; path = InfoVC.h; sourceTree = "<group>"; };
		90E46B3B16069590008514B5 /* InfoVC.m */ = {isa = PBXFileReference; fileEncoding = 4; lastKnownFileType = sourcecode.c.objc; path = InfoVC.m; sourceTree = "<group>"; };
		90E46B8D1607347C008514B5 /* Constants.h */ = {isa = PBXFileReference; lastKnownFileType = sourcecode.c.h; path = Constants.h; sourceTree = "<group>"; };
		90E6B83815F6795000A7ED78 /* ImageManipulationVC.h */ = {isa = PBXFileReference; fileEncoding = 4; lastKnownFileType = sourcecode.c.h; path = ImageManipulationVC.h; sourceTree = "<group>"; };
		90E6B83915F6795000A7ED78 /* ImageManipulationVC.m */ = {isa = PBXFileReference; fileEncoding = 4; lastKnownFileType = sourcecode.c.objc; path = ImageManipulationVC.m; sourceTree = "<group>"; };
		90E6B84215F6822300A7ED78 /* ImageManipulationView.xib */ = {isa = PBXFileReference; fileEncoding = 4; lastKnownFileType = file.xib; path = ImageManipulationView.xib; sourceTree = "<group>"; };
		90FED2AE1635AD33007AA03A /* Logging.h */ = {isa = PBXFileReference; lastKnownFileType = sourcecode.c.h; path = Logging.h; sourceTree = "<group>"; };
		90FED2AF1635DDE4007AA03A /* Default.png */ = {isa = PBXFileReference; lastKnownFileType = image.png; path = Default.png; sourceTree = "<group>"; };
		90FED2B11635DDEA007AA03A /* Default@2x.png */ = {isa = PBXFileReference; lastKnownFileType = image.png; path = "Default@2x.png"; sourceTree = "<group>"; };
		90FED2B31635DE02007AA03A /* background.png */ = {isa = PBXFileReference; lastKnownFileType = image.png; name = background.png; path = "Graphics/Non Retina/Background/background.png"; sourceTree = SOURCE_ROOT; };
		B5C53349164718A7000D35C6 /* facebook_page_button.png */ = {isa = PBXFileReference; lastKnownFileType = image.png; path = facebook_page_button.png; sourceTree = "<group>"; };
		BE24841615F0DB9A00219F13 /* Wigtastic.app */ = {isa = PBXFileReference; explicitFileType = wrapper.application; includeInIndex = 0; path = Wigtastic.app; sourceTree = BUILT_PRODUCTS_DIR; };
		BE24841C15F0DB9A00219F13 /* Foundation.framework */ = {isa = PBXFileReference; lastKnownFileType = wrapper.framework; name = Foundation.framework; path = System/Library/Frameworks/Foundation.framework; sourceTree = SDKROOT; };
		BE24842215F0DB9A00219F13 /* Zombify-Info.plist */ = {isa = PBXFileReference; lastKnownFileType = text.plist.xml; path = "Zombify-Info.plist"; sourceTree = "<group>"; };
		BE24842415F0DB9A00219F13 /* en */ = {isa = PBXFileReference; lastKnownFileType = text.plist.strings; name = en; path = en.lproj/InfoPlist.strings; sourceTree = "<group>"; };
		BE24842615F0DB9A00219F13 /* main.m */ = {isa = PBXFileReference; lastKnownFileType = sourcecode.c.objc; path = main.m; sourceTree = "<group>"; };
		BE24842815F0DB9A00219F13 /* Zombify-Prefix.pch */ = {isa = PBXFileReference; lastKnownFileType = sourcecode.c.h; path = "Zombify-Prefix.pch"; sourceTree = "<group>"; };
		BE24842915F0DB9A00219F13 /* AppDelegate.h */ = {isa = PBXFileReference; lastKnownFileType = sourcecode.c.h; path = AppDelegate.h; sourceTree = "<group>"; };
		BE24842A15F0DB9A00219F13 /* AppDelegate.m */ = {isa = PBXFileReference; lastKnownFileType = sourcecode.c.objc; path = AppDelegate.m; sourceTree = "<group>"; };
		BE24842C15F0DB9A00219F13 /* MainScreenVC.h */ = {isa = PBXFileReference; lastKnownFileType = sourcecode.c.h; path = MainScreenVC.h; sourceTree = "<group>"; };
		BE24842D15F0DB9A00219F13 /* MainScreenVC.m */ = {isa = PBXFileReference; lastKnownFileType = sourcecode.c.objc; path = MainScreenVC.m; sourceTree = "<group>"; };
		BE24843015F0DB9A00219F13 /* en */ = {isa = PBXFileReference; lastKnownFileType = file.xib; name = en; path = en.lproj/MainScreenVC_iPhone.xib; sourceTree = "<group>"; };
		BE24843315F0DB9A00219F13 /* en */ = {isa = PBXFileReference; lastKnownFileType = file.xib; name = en; path = en.lproj/MainScreenVC_iPad.xib; sourceTree = "<group>"; };
		BE24843D15F0DC6900219F13 /* CoreImage.framework */ = {isa = PBXFileReference; lastKnownFileType = wrapper.framework; name = CoreImage.framework; path = System/Library/Frameworks/CoreImage.framework; sourceTree = SDKROOT; };
		C7CEF55B163972D100C4B90C /* GADBannerView+SetFrame.h */ = {isa = PBXFileReference; fileEncoding = 4; lastKnownFileType = sourcecode.c.h; path = "GADBannerView+SetFrame.h"; sourceTree = "<group>"; };
		C7CEF55C163972D100C4B90C /* GADBannerView+SetFrame.m */ = {isa = PBXFileReference; fileEncoding = 4; lastKnownFileType = sourcecode.c.objc; path = "GADBannerView+SetFrame.m"; sourceTree = "<group>"; };
/* End PBXFileReference section */

/* Begin PBXFrameworksBuildPhase section */
		BE24841315F0DB9A00219F13 /* Frameworks */ = {
			isa = PBXFrameworksBuildPhase;
			buildActionMask = 2147483647;
			files = (
				9078FD6E19FFA3140052FC74 /* libPods.a in Frameworks */,
				9078FD6A19FF9FF60052FC74 /* StoreKit.framework in Frameworks */,
				9078FD5E19FF9E680052FC74 /* AVFoundation.framework in Frameworks */,
				9078FD5C19FF9E5A0052FC74 /* CoreGraphics.framework in Frameworks */,
				9078FD5A19FF9E4B0052FC74 /* QuartzCore.framework in Frameworks */,
				9078FD5519FF9E240052FC74 /* UIKit.framework in Frameworks */,
				905EAC86160230AD000C8264 /* libz.dylib in Frameworks */,
				BE24841D15F0DB9A00219F13 /* Foundation.framework in Frameworks */,
				9078FD5619FF9E3D0052FC74 /* CoreImage.framework in Frameworks */,
			);
			runOnlyForDeploymentPostprocessing = 0;
		};
/* End PBXFrameworksBuildPhase section */

/* Begin PBXGroup section */
		1E4E0038B23F2B61DC8CB622 /* Pods */ = {
			isa = PBXGroup;
			children = (
				606F83C324FD9C796A5C2289 /* Pods.debug.xcconfig */,
				0F0B5F8506C9F8083E040CC4 /* Pods.release.xcconfig */,
			);
			name = Pods;
			sourceTree = "<group>";
		};
		9013F97C15FC862D00BC8948 /* Buttons */ = {
			isa = PBXGroup;
			children = (
				B5C53349164718A7000D35C6 /* facebook_page_button.png */,
				90CD40BA1632DC9900B47E03 /* padlock.png */,
				901BF637162755CB0019E89C /* SoundButton.png */,
				901BF638162755CB0019E89C /* SoundButton@2x.png */,
				901BF6261626FE100019E89C /* X.png */,
				90741F511617D4F30006688D /* Green_tick.png */,
				902B582716145B9C00061CED /* photoAlbumButtonPressed@2x.png */,
				902B582316145AF800061CED /* photoAlbumButton@2x.png */,
				902B582616145B9C00061CED /* cameraButtonPressed@2x.png */,
				902B582216145AF800061CED /* cameraButton@2x.png */,
				90E46B2A1606161E008514B5 /* cameraButtonPressed.png */,
				90E46B2416060269008514B5 /* cameraButton.png */,
				90E46B2B1606161E008514B5 /* photoAlbumButtonPressed.png */,
				90E46B26160610D1008514B5 /* photoAlbumButton.png */,
				907F4A6E15FFE53300C4872F /* button.png */,
				907F4A6F15FFE53300C4872F /* buttonPressed.png */,
			);
			name = Buttons;
			sourceTree = "<group>";
		};
		901BF6301627487D0019E89C /* backgrounds */ = {
			isa = PBXGroup;
			children = (
				90FED2B31635DE02007AA03A /* background.png */,
				901BF631162748D80019E89C /* ed.JPG */,
				901BF632162748D80019E89C /* sam.JPG */,
				903930151620437E000D3B9E /* faceScaled.png */,
			);
			name = backgrounds;
			sourceTree = "<group>";
		};
		9077C0481622FA8400476FFC /* Sounds */ = {
			isa = PBXGroup;
			children = (
				9077C06116236B0700476FFC /* laugh.mp3 */,
				9077C04E1623032000476FFC /* TheUndead.mp3 */,
			);
			name = Sounds;
			sourceTree = "<group>";
		};
		90CD40991631AF9700B47E03 /* Inapp Purchase */ = {
			isa = PBXGroup;
			children = (
				90CD409A1631AFAD00B47E03 /* FSMMachine.h */,
				90CD409B1631AFAD00B47E03 /* FSMMachine.m */,
				90CD409C1631AFAD00B47E03 /* IAPCatalogue.h */,
				90CD409D1631AFAD00B47E03 /* IAPCatalogue.m */,
				90CD409E1631AFAD00B47E03 /* IAPInfo.plist */,
				90CD409F1631AFAD00B47E03 /* IAPProduct+Friend.h */,
				90CD40A01631AFAD00B47E03 /* IAPProduct.h */,
				90CD40A11631AFAD00B47E03 /* IAPProduct.m */,
				90CD40A21631AFAD00B47E03 /* IAPStoreManager.h */,
				90CD40A31631AFAD00B47E03 /* IAPStoreManager.m */,
				90CD40A41631AFAD00B47E03 /* README.md */,
				90CD40A51631AFAD00B47E03 /* SKProduct+PriceWithCurrency.h */,
				90CD40A61631AFAD00B47E03 /* SKProduct+PriceWithCurrency.m */,
			);
			name = "Inapp Purchase";
			sourceTree = "<group>";
		};
		90D1377C162C5AD9002FA40D /* Face Parts */ = {
			isa = PBXGroup;
			children = (
				90D13791162C5AD9002FA40D /* righteyes */,
				90D1377D162C5AD9002FA40D /* lefteyes */,
				90D13785162C5AD9002FA40D /* mouths */,
				90D13799162C5AD9002FA40D /* Scars */,
			);
			name = "Face Parts";
			path = "Graphics/Non Retina/Face Parts";
			sourceTree = SOURCE_ROOT;
		};
		90D1377D162C5AD9002FA40D /* lefteyes */ = {
			isa = PBXGroup;
			children = (
				90CD40BC163363DC00B47E03 /* lefteye1.png */,
				90CD40BD163363DC00B47E03 /* lefteye2.png */,
				90CD40BE163363DC00B47E03 /* lefteye3.png */,
				90CD40BF163363DC00B47E03 /* lefteye4.png */,
				90CD40C0163363DC00B47E03 /* lefteye5.png */,
				90CD40C1163363DC00B47E03 /* lefteye6.png */,
				90CD40C2163363DC00B47E03 /* lefteye7.png */,
				90CD40C3163363DC00B47E03 /* lefteye8.png */,
			);
			path = lefteyes;
			sourceTree = "<group>";
		};
		90D13785162C5AD9002FA40D /* mouths */ = {
			isa = PBXGroup;
			children = (
				90D13786162C5AD9002FA40D /* mouth1.png */,
				90D13789162C5AD9002FA40D /* mouth2.png */,
				90D1378A162C5AD9002FA40D /* mouth3.png */,
				90D1378B162C5AD9002FA40D /* mouth4.png */,
				90D1378C162C5AD9002FA40D /* mouth5.png */,
				90D1378D162C5AD9002FA40D /* mouth6.png */,
				90D1378E162C5AD9002FA40D /* mouth7.png */,
				90D1378F162C5AD9002FA40D /* mouth8.png */,
				90D13790162C5AD9002FA40D /* mouth9.png */,
				90D137C7162C87E1002FA40D /* mouth10.png */,
				90D13788162C5AD9002FA40D /* mouth11.png */,
			);
			path = mouths;
			sourceTree = "<group>";
		};
		90D13791162C5AD9002FA40D /* righteyes */ = {
			isa = PBXGroup;
			children = (
				90CD40CC163363E900B47E03 /* righteye1.png */,
				90CD40CD163363E900B47E03 /* righteye2.png */,
				90CD40CE163363E900B47E03 /* righteye3.png */,
				90CD40CF163363E900B47E03 /* righteye4.png */,
				90CD40D0163363E900B47E03 /* righteye5.png */,
				90CD40D1163363E900B47E03 /* righteye6.png */,
				90CD40D2163363E900B47E03 /* righteye7.png */,
				90CD40D3163363E900B47E03 /* righteye8.png */,
			);
			path = righteyes;
			sourceTree = "<group>";
		};
		90D13799162C5AD9002FA40D /* Scars */ = {
			isa = PBXGroup;
			children = (
				90D137D3162CA01E002FA40D /* scar1.png */,
				90D137D6162CA01E002FA40D /* scar2.png */,
				90D137DF162DBFC4002FA40D /* scar3.png */,
				90D137E1162E0167002FA40D /* scar4.png */,
				90D137E2162E0169002FA40D /* scar5.png */,
			);
			path = Scars;
			sourceTree = "<group>";
		};
		BE24840B15F0DB9900219F13 = {
			isa = PBXGroup;
			children = (
				90C39F4319FFA7FF00CC9A92 /* Images.xcassets */,
				90C39F4119FFA7F100CC9A92 /* Default-568h@2x.png */,
				90C0019219FEE6AC00BF7C0C /* Podfile */,
				90FED2B11635DDEA007AA03A /* Default@2x.png */,
				90FED2AF1635DDE4007AA03A /* Default.png */,
				BE24842015F0DB9A00219F13 /* Wiggers */,
				BE24841915F0DB9A00219F13 /* Frameworks */,
				BE24841715F0DB9A00219F13 /* Products */,
				1E4E0038B23F2B61DC8CB622 /* Pods */,
			);
			sourceTree = "<group>";
		};
		BE24841715F0DB9A00219F13 /* Products */ = {
			isa = PBXGroup;
			children = (
				BE24841615F0DB9A00219F13 /* Wigtastic.app */,
			);
			name = Products;
			sourceTree = "<group>";
		};
		BE24841915F0DB9A00219F13 /* Frameworks */ = {
			isa = PBXGroup;
			children = (
				9078FD6D19FFA3140052FC74 /* libPods.a */,
				9078FD6B19FFA2DA0052FC74 /* libPods-FlurrySDK.a */,
				9078FD6919FF9FF60052FC74 /* StoreKit.framework */,
				9078FD6719FF9EB60052FC74 /* MediaPlayer.framework */,
				9078FD6519FF9E9F0052FC74 /* SystemConfiguration.framework */,
				9078FD6319FF9E900052FC74 /* Social.framework */,
				9078FD6119FF9E7F0052FC74 /* CFNetwork.framework */,
				9078FD5F19FF9E720052FC74 /* AudioToolbox.framework */,
				9078FD5D19FF9E680052FC74 /* AVFoundation.framework */,
				9078FD5B19FF9E5A0052FC74 /* CoreGraphics.framework */,
				9078FD5919FF9E4B0052FC74 /* QuartzCore.framework */,
				9078FD5419FF9E240052FC74 /* UIKit.framework */,
				905EAC85160230AD000C8264 /* libz.dylib */,
				BE24843D15F0DC6900219F13 /* CoreImage.framework */,
				BE24841C15F0DB9A00219F13 /* Foundation.framework */,
				70461EE6833CC9E24C1E9434 /* libPods.a */,
			);
			name = Frameworks;
			sourceTree = "<group>";
		};
		BE24842015F0DB9A00219F13 /* Wiggers */ = {
			isa = PBXGroup;
			children = (
				90CD40991631AF9700B47E03 /* Inapp Purchase */,
				90E46B8D1607347C008514B5 /* Constants.h */,
				9077C0461622EDBC00476FFC /* Sound.h */,
				9077C0471622EDBC00476FFC /* Sound.m */,
				BE24842915F0DB9A00219F13 /* AppDelegate.h */,
				BE24842A15F0DB9A00219F13 /* AppDelegate.m */,
				BE24842C15F0DB9A00219F13 /* MainScreenVC.h */,
				BE24842D15F0DB9A00219F13 /* MainScreenVC.m */,
				90C9E6E2160A35BF00B0BB13 /* CameraVC.h */,
				90C9E6E3160A35BF00B0BB13 /* CameraVC.m */,
				90C9E6E5160A487E00B0BB13 /* FaceImageProcessing.h */,
				90C9E6E6160A487E00B0BB13 /* FaceImageProcessing.m */,
				90E6B83815F6795000A7ED78 /* ImageManipulationVC.h */,
				90E6B83915F6795000A7ED78 /* ImageManipulationVC.m */,
				90E46B3A1606958E008514B5 /* InfoVC.h */,
				90E46B3B16069590008514B5 /* InfoVC.m */,
				90FED2AE1635AD33007AA03A /* Logging.h */,
				902B58421614EA0700061CED /* faceFeature.h */,
				902B58431614EA0700061CED /* faceFeature.m */,
				90302BA61610D16C00F8992C /* HairScrollViewContainer.h */,
				90302BA71610D16C00F8992C /* HairScrollViewContainer.m */,
				90C9E6E8160A90DC00B0BB13 /* UIImage+Extensions.h */,
				90C9E6E9160A90DC00B0BB13 /* UIImage+Extensions.m */,
				901BF63B162761520019E89C /* UIImageView + Extenstions.h */,
				901BF63C162761530019E89C /* UIImageView + Extenstions.m */,
				9013F9A315FDEF0200BC8948 /* Animation.h */,
				9013F9A415FDEF0300BC8948 /* Animation.m */,
				9080952715F611B3002AE4B5 /* MySHKConfigurator.h */,
				9080952815F611B3002AE4B5 /* MySHKConfigurator.m */,
				909F355115FA0504005FB900 /* SaveImage.h */,
				909F355215FA0504005FB900 /* SaveImage.m */,
				909F354C15FA04BC005FB900 /* RecentImagesTableView.h */,
				909F354D15FA04BC005FB900 /* RecentImagesTableView.m */,
				909F35A415FBD420005FB900 /* SaveImageVC.h */,
				909F35A515FBD421005FB900 /* SaveImageVC.m */,
				BE24842115F0DB9A00219F13 /* Supporting Files */,
				C7CEF55B163972D100C4B90C /* GADBannerView+SetFrame.h */,
				C7CEF55C163972D100C4B90C /* GADBannerView+SetFrame.m */,
			);
			path = Wiggers;
			sourceTree = "<group>";
		};
		BE24842115F0DB9A00219F13 /* Supporting Files */ = {
			isa = PBXGroup;
			children = (
				90D1377C162C5AD9002FA40D /* Face Parts */,
				9013F97C15FC862D00BC8948 /* Buttons */,
				901BF6301627487D0019E89C /* backgrounds */,
				9077C0481622FA8400476FFC /* Sounds */,
				9039302D1620A706000D3B9E /* DoubleFeature20.ttf */,
				909F35A615FBD422005FB900 /* SaveImageVC.xib */,
				90E6B84215F6822300A7ED78 /* ImageManipulationView.xib */,
				BE24842F15F0DB9A00219F13 /* MainScreenVC_iPhone.xib */,
				90E46B3216069252008514B5 /* InfoView.xib */,
				BE24843215F0DB9A00219F13 /* MainScreenVC_iPad.xib */,
				BE24842215F0DB9A00219F13 /* Zombify-Info.plist */,
				90302B09160B9E7A00F8992C /* SHKCustomSharers.plist */,
				BE24842315F0DB9A00219F13 /* InfoPlist.strings */,
				BE24842615F0DB9A00219F13 /* main.m */,
				BE24842815F0DB9A00219F13 /* Zombify-Prefix.pch */,
			);
			name = "Supporting Files";
			sourceTree = "<group>";
		};
/* End PBXGroup section */

/* Begin PBXNativeTarget section */
		BE24841515F0DB9A00219F13 /* Zombify */ = {
			isa = PBXNativeTarget;
			buildConfigurationList = BE24843715F0DB9A00219F13 /* Build configuration list for PBXNativeTarget "Zombify" */;
			buildPhases = (
				19FEE0C4824FE0327D86285B /* Check Pods Manifest.lock */,
				BE24841215F0DB9A00219F13 /* Sources */,
				BE24841315F0DB9A00219F13 /* Frameworks */,
				BE24841415F0DB9A00219F13 /* Resources */,
				56945782E4881DCD9F95A044 /* Copy Pods Resources */,
				9078FD5819FF9E3E0052FC74 /* Embed Frameworks */,
			);
			buildRules = (
			);
			dependencies = (
			);
			name = Zombify;
			productName = Wiggers;
			productReference = BE24841615F0DB9A00219F13 /* Wigtastic.app */;
			productType = "com.apple.product-type.application";
		};
/* End PBXNativeTarget section */

/* Begin PBXProject section */
		BE24840D15F0DB9900219F13 /* Project object */ = {
			isa = PBXProject;
			attributes = {
				LastUpgradeCheck = 0600;
				TargetAttributes = {
					BE24841515F0DB9A00219F13 = {
						DevelopmentTeam = CWK29L7ZPT;
					};
				};
			};
			buildConfigurationList = BE24841015F0DB9900219F13 /* Build configuration list for PBXProject "Zombiefy" */;
			compatibilityVersion = "Xcode 3.2";
			developmentRegion = English;
			hasScannedForEncodings = 0;
			knownRegions = (
				en,
				de,
			);
			mainGroup = BE24840B15F0DB9900219F13;
			productRefGroup = BE24841715F0DB9A00219F13 /* Products */;
			projectDirPath = "";
			projectRoot = "";
			targets = (
				BE24841515F0DB9A00219F13 /* Zombify */,
			);
		};
/* End PBXProject section */

/* Begin PBXResourcesBuildPhase section */
		BE24841415F0DB9A00219F13 /* Resources */ = {
			isa = PBXResourcesBuildPhase;
			buildActionMask = 2147483647;
			files = (
				BE24842515F0DB9A00219F13 /* InfoPlist.strings in Resources */,
				BE24843115F0DB9A00219F13 /* MainScreenVC_iPhone.xib in Resources */,
				BE24843415F0DB9A00219F13 /* MainScreenVC_iPad.xib in Resources */,
				90E6B84315F6822300A7ED78 /* ImageManipulationView.xib in Resources */,
				909F35A815FBD422005FB900 /* SaveImageVC.xib in Resources */,
				907F4A7315FFE53800C4872F /* button.png in Resources */,
				907F4A7415FFE53800C4872F /* buttonPressed.png in Resources */,
				90E46B2516060269008514B5 /* cameraButton.png in Resources */,
				90E46B27160610D1008514B5 /* photoAlbumButton.png in Resources */,
				90E46B2C1606161E008514B5 /* cameraButtonPressed.png in Resources */,
				90E46B2D1606161E008514B5 /* photoAlbumButtonPressed.png in Resources */,
				90E46B3316069252008514B5 /* InfoView.xib in Resources */,
				90C0019319FEE6AC00BF7C0C /* Podfile in Resources */,
				90302B0A160B9E7A00F8992C /* SHKCustomSharers.plist in Resources */,
				902B582416145AF800061CED /* cameraButton@2x.png in Resources */,
				902B582516145AF800061CED /* photoAlbumButton@2x.png in Resources */,
				902B582816145B9C00061CED /* cameraButtonPressed@2x.png in Resources */,
				902B582916145B9C00061CED /* photoAlbumButtonPressed@2x.png in Resources */,
				90741F521617D4F30006688D /* Green_tick.png in Resources */,
				903930161620437E000D3B9E /* faceScaled.png in Resources */,
				9077C0401620AE4200476FFC /* DoubleFeature20.ttf in Resources */,
				9077C04F1623032000476FFC /* TheUndead.mp3 in Resources */,
				9077C06216236B0700476FFC /* laugh.mp3 in Resources */,
				901BF6271626FE100019E89C /* X.png in Resources */,
				901BF633162748D80019E89C /* ed.JPG in Resources */,
				901BF634162748D80019E89C /* sam.JPG in Resources */,
				901BF639162755CC0019E89C /* SoundButton.png in Resources */,
				901BF63A162755CC0019E89C /* SoundButton@2x.png in Resources */,
				90D137A9162C5AD9002FA40D /* mouth1.png in Resources */,
				90D137AB162C5AD9002FA40D /* mouth11.png in Resources */,
				90D137AC162C5AD9002FA40D /* mouth2.png in Resources */,
				90D137AD162C5AD9002FA40D /* mouth3.png in Resources */,
				90D137AE162C5AD9002FA40D /* mouth4.png in Resources */,
				90D137AF162C5AD9002FA40D /* mouth5.png in Resources */,
				90D137B0162C5AD9002FA40D /* mouth6.png in Resources */,
				90D137B1162C5AD9002FA40D /* mouth7.png in Resources */,
				90D137B2162C5AD9002FA40D /* mouth8.png in Resources */,
				90D137B3162C5AD9002FA40D /* mouth9.png in Resources */,
				90D137C8162C87E1002FA40D /* mouth10.png in Resources */,
				90D137D9162CA01E002FA40D /* scar1.png in Resources */,
				90D137DC162CA01E002FA40D /* scar2.png in Resources */,
				90D137E0162DBFC5002FA40D /* scar3.png in Resources */,
				90D137E3162E016A002FA40D /* scar4.png in Resources */,
				90D137E4162E016A002FA40D /* scar5.png in Resources */,
				90CD40AD1631B34E00B47E03 /* IAPInfo.plist in Resources */,
				90C39F4419FFA7FF00CC9A92 /* Images.xcassets in Resources */,
				90CD40BB1632DC9900B47E03 /* padlock.png in Resources */,
				90CD40C4163363DC00B47E03 /* lefteye1.png in Resources */,
				90CD40C5163363DC00B47E03 /* lefteye2.png in Resources */,
				90CD40C6163363DC00B47E03 /* lefteye3.png in Resources */,
				90CD40C7163363DC00B47E03 /* lefteye4.png in Resources */,
				90CD40C8163363DC00B47E03 /* lefteye5.png in Resources */,
				90CD40C9163363DC00B47E03 /* lefteye6.png in Resources */,
				90CD40CA163363DC00B47E03 /* lefteye7.png in Resources */,
				90CD40CB163363DC00B47E03 /* lefteye8.png in Resources */,
				90CD40D4163363E900B47E03 /* righteye1.png in Resources */,
				90CD40D5163363E900B47E03 /* righteye2.png in Resources */,
				90CD40D6163363E900B47E03 /* righteye3.png in Resources */,
				90CD40D7163363E900B47E03 /* righteye4.png in Resources */,
				90CD40D8163363E900B47E03 /* righteye5.png in Resources */,
				90CD40D9163363E900B47E03 /* righteye6.png in Resources */,
				90C39F4219FFA7F100CC9A92 /* Default-568h@2x.png in Resources */,
				90CD40DA163363E900B47E03 /* righteye7.png in Resources */,
				90CD40DB163363E900B47E03 /* righteye8.png in Resources */,
				90FED2B01635DDE4007AA03A /* Default.png in Resources */,
				90FED2B21635DDEA007AA03A /* Default@2x.png in Resources */,
				90FED2B41635DE02007AA03A /* background.png in Resources */,
				B5C5334A164718A7000D35C6 /* facebook_page_button.png in Resources */,
			);
			runOnlyForDeploymentPostprocessing = 0;
		};
/* End PBXResourcesBuildPhase section */

/* Begin PBXShellScriptBuildPhase section */
		19FEE0C4824FE0327D86285B /* Check Pods Manifest.lock */ = {
			isa = PBXShellScriptBuildPhase;
			buildActionMask = 2147483647;
			files = (
			);
			inputPaths = (
			);
			name = "Check Pods Manifest.lock";
			outputPaths = (
			);
			runOnlyForDeploymentPostprocessing = 0;
			shellPath = /bin/sh;
			shellScript = "diff \"${PODS_ROOT}/../Podfile.lock\" \"${PODS_ROOT}/Manifest.lock\" > /dev/null\nif [[ $? != 0 ]] ; then\n    cat << EOM\nerror: The sandbox is not in sync with the Podfile.lock. Run 'pod install' or update your CocoaPods installation.\nEOM\n    exit 1\nfi\n";
			showEnvVarsInLog = 0;
		};
		56945782E4881DCD9F95A044 /* Copy Pods Resources */ = {
			isa = PBXShellScriptBuildPhase;
			buildActionMask = 2147483647;
			files = (
			);
			inputPaths = (
			);
			name = "Copy Pods Resources";
			outputPaths = (
			);
			runOnlyForDeploymentPostprocessing = 0;
			shellPath = /bin/sh;
			shellScript = "\"${SRCROOT}/Pods/Target Support Files/Pods/Pods-resources.sh\"\n";
			showEnvVarsInLog = 0;
		};
/* End PBXShellScriptBuildPhase section */

/* Begin PBXSourcesBuildPhase section */
		BE24841215F0DB9A00219F13 /* Sources */ = {
			isa = PBXSourcesBuildPhase;
			buildActionMask = 2147483647;
			files = (
				BE24842715F0DB9A00219F13 /* main.m in Sources */,
				BE24842B15F0DB9A00219F13 /* AppDelegate.m in Sources */,
				BE24842E15F0DB9A00219F13 /* MainScreenVC.m in Sources */,
				9080952915F611B3002AE4B5 /* MySHKConfigurator.m in Sources */,
				90E6B83A15F6795000A7ED78 /* ImageManipulationVC.m in Sources */,
				909F354F15FA04BC005FB900 /* RecentImagesTableView.m in Sources */,
				909F355415FA0504005FB900 /* SaveImage.m in Sources */,
				909F35A715FBD422005FB900 /* SaveImageVC.m in Sources */,
				9013F9A515FDEF0400BC8948 /* Animation.m in Sources */,
				90E46B3C16069591008514B5 /* InfoVC.m in Sources */,
				90C9E6E4160A35BF00B0BB13 /* CameraVC.m in Sources */,
				90C9E6E7160A487E00B0BB13 /* FaceImageProcessing.m in Sources */,
				90C9E6EA160A90DD00B0BB13 /* UIImage+Extensions.m in Sources */,
				90302BA91610D18600F8992C /* HairScrollViewContainer.m in Sources */,
				902B58441614EA0700061CED /* faceFeature.m in Sources */,
				9077C04B1622FEBA00476FFC /* Sound.m in Sources */,
				901BF63D162761570019E89C /* UIImageView + Extenstions.m in Sources */,
				90CD40AA1631B34300B47E03 /* SKProduct+PriceWithCurrency.m in Sources */,
				90CD40AB1631B34600B47E03 /* IAPStoreManager.m in Sources */,
				90CD40AC1631B34B00B47E03 /* IAPProduct.m in Sources */,
				90CD40AE1631B35200B47E03 /* IAPCatalogue.m in Sources */,
				90CD40AF1631B35400B47E03 /* FSMMachine.m in Sources */,
				C7CEF55D163972D100C4B90C /* GADBannerView+SetFrame.m in Sources */,
			);
			runOnlyForDeploymentPostprocessing = 0;
		};
/* End PBXSourcesBuildPhase section */

/* Begin PBXVariantGroup section */
		BE24842315F0DB9A00219F13 /* InfoPlist.strings */ = {
			isa = PBXVariantGroup;
			children = (
				BE24842415F0DB9A00219F13 /* en */,
			);
			name = InfoPlist.strings;
			sourceTree = "<group>";
		};
		BE24842F15F0DB9A00219F13 /* MainScreenVC_iPhone.xib */ = {
			isa = PBXVariantGroup;
			children = (
				BE24843015F0DB9A00219F13 /* en */,
			);
			name = MainScreenVC_iPhone.xib;
			sourceTree = "<group>";
		};
		BE24843215F0DB9A00219F13 /* MainScreenVC_iPad.xib */ = {
			isa = PBXVariantGroup;
			children = (
				BE24843315F0DB9A00219F13 /* en */,
			);
			name = MainScreenVC_iPad.xib;
			sourceTree = "<group>";
		};
/* End PBXVariantGroup section */

/* Begin XCBuildConfiguration section */
		BE24843515F0DB9A00219F13 /* Debug */ = {
			isa = XCBuildConfiguration;
			buildSettings = {
				ALWAYS_SEARCH_USER_PATHS = YES;
				CLANG_ENABLE_OBJC_ARC = YES;
				CODE_SIGN_IDENTITY = "iPhone Developer";
				"CODE_SIGN_IDENTITY[sdk=iphoneos*]" = "iPhone Developer";
				COPY_PHASE_STRIP = NO;
				FRAMEWORK_SEARCH_PATHS = "$(inherited)";
				GCC_C_LANGUAGE_STANDARD = gnu99;
				GCC_DYNAMIC_NO_PIC = NO;
				GCC_OPTIMIZATION_LEVEL = 0;
				GCC_PREPROCESSOR_DEFINITIONS = (
					"DEBUG=1",
					"$(inherited)",
				);
				GCC_SYMBOLS_PRIVATE_EXTERN = NO;
				GCC_VERSION = "";
				GCC_WARN_ABOUT_MISSING_PROTOTYPES = YES;
				GCC_WARN_ABOUT_RETURN_TYPE = YES;
				GCC_WARN_UNUSED_VARIABLE = YES;
				IPHONEOS_DEPLOYMENT_TARGET = 7.0;
				ONLY_ACTIVE_ARCH = YES;
				OTHER_LDFLAGS = "$(inherited)";
				PROVISIONING_PROFILE = "4557aa31-1f18-4aa1-850e-cc02546871b3";
				"PROVISIONING_PROFILE[sdk=iphoneos*]" = "4557aa31-1f18-4aa1-850e-cc02546871b3";
				SDKROOT = iphoneos;
				TARGETED_DEVICE_FAMILY = "1,2";
				VALID_ARCHS = "armv6 armv7s";
			};
			name = Debug;
		};
		BE24843615F0DB9A00219F13 /* Release */ = {
			isa = XCBuildConfiguration;
			buildSettings = {
				ALWAYS_SEARCH_USER_PATHS = YES;
				CLANG_ENABLE_OBJC_ARC = YES;
				CODE_SIGN_IDENTITY = "iPhone Distribution";
				"CODE_SIGN_IDENTITY[sdk=iphoneos*]" = "iPhone Distribution";
				COPY_PHASE_STRIP = YES;
				FRAMEWORK_SEARCH_PATHS = "$(inherited)";
				GCC_C_LANGUAGE_STANDARD = gnu99;
				GCC_VERSION = "";
				GCC_WARN_ABOUT_MISSING_PROTOTYPES = YES;
				GCC_WARN_ABOUT_RETURN_TYPE = YES;
				GCC_WARN_UNUSED_VARIABLE = YES;
				IPHONEOS_DEPLOYMENT_TARGET = 7.0;
				OTHER_CFLAGS = "-DNS_BLOCK_ASSERTIONS=1";
				OTHER_LDFLAGS = "$(inherited)";
				PROVISIONING_PROFILE = "4557aa31-1f18-4aa1-850e-cc02546871b3";
				"PROVISIONING_PROFILE[sdk=iphoneos*]" = "4557aa31-1f18-4aa1-850e-cc02546871b3";
				SDKROOT = iphoneos;
				TARGETED_DEVICE_FAMILY = "1,2";
				VALIDATE_PRODUCT = YES;
				VALID_ARCHS = "armv6 armv7s";
			};
			name = Release;
		};
		BE24843815F0DB9A00219F13 /* Debug */ = {
			isa = XCBuildConfiguration;
			baseConfigurationReference = 606F83C324FD9C796A5C2289 /* Pods.debug.xcconfig */;
			buildSettings = {
				ASSETCATALOG_COMPILER_APPICON_NAME = AppIcon;
				ASSETCATALOG_COMPILER_LAUNCHIMAGE_NAME = LaunchImage;
				CODE_SIGN_IDENTITY = "iPhone Developer";
				"CODE_SIGN_IDENTITY[sdk=iphoneos*]" = "iPhone Developer";
				GCC_PRECOMPILE_PREFIX_HEADER = YES;
				GCC_PREFIX_HEADER = "Wiggers/Zombify-Prefix.pch";
				GCC_VERSION = com.apple.compilers.llvm.clang.1_0;
				INFOPLIST_FILE = "Wiggers/Zombify-Info.plist";
				IPHONEOS_DEPLOYMENT_TARGET = 7.0;
				LD_RUNPATH_SEARCH_PATHS = "$(inherited)";
				ONLY_ACTIVE_ARCH = YES;
				PRODUCT_NAME = Wigtastic;
				PROVISIONING_PROFILE = "";
				"PROVISIONING_PROFILE[sdk=iphoneos*]" = "";
				TARGETED_DEVICE_FAMILY = 1;
				USER_HEADER_SEARCH_PATHS = "$(inherited)";
				VALID_ARCHS = "armv7 armv7s";
				WRAPPER_EXTENSION = app;
			};
			name = Debug;
		};
		BE24843915F0DB9A00219F13 /* Release */ = {
			isa = XCBuildConfiguration;
			baseConfigurationReference = 0F0B5F8506C9F8083E040CC4 /* Pods.release.xcconfig */;
			buildSettings = {
				ASSETCATALOG_COMPILER_APPICON_NAME = AppIcon;
				ASSETCATALOG_COMPILER_LAUNCHIMAGE_NAME = LaunchImage;
				CODE_SIGN_IDENTITY = "iPhone Developer";
				"CODE_SIGN_IDENTITY[sdk=iphoneos*]" = "iPhone Developer";
				GCC_PRECOMPILE_PREFIX_HEADER = YES;
				GCC_PREFIX_HEADER = "Wiggers/Zombify-Prefix.pch";
				GCC_VERSION = com.apple.compilers.llvm.clang.1_0;
				INFOPLIST_FILE = "Wiggers/Zombify-Info.plist";
				IPHONEOS_DEPLOYMENT_TARGET = 7.0;
				LD_RUNPATH_SEARCH_PATHS = "$(inherited)";
				ONLY_ACTIVE_ARCH = YES;
				PRODUCT_NAME = Wigtastic;
				PROVISIONING_PROFILE = "";
				"PROVISIONING_PROFILE[sdk=iphoneos*]" = "";
				TARGETED_DEVICE_FAMILY = 1;
				USER_HEADER_SEARCH_PATHS = "$(inherited)";
				VALID_ARCHS = "armv7 armv7s";
				WRAPPER_EXTENSION = app;
			};
			name = Release;
		};
/* End XCBuildConfiguration section */

/* Begin XCConfigurationList section */
		BE24841015F0DB9900219F13 /* Build configuration list for PBXProject "Zombiefy" */ = {
			isa = XCConfigurationList;
			buildConfigurations = (
				BE24843515F0DB9A00219F13 /* Debug */,
				BE24843615F0DB9A00219F13 /* Release */,
			);
			defaultConfigurationIsVisible = 0;
			defaultConfigurationName = Release;
		};
		BE24843715F0DB9A00219F13 /* Build configuration list for PBXNativeTarget "Zombify" */ = {
			isa = XCConfigurationList;
			buildConfigurations = (
				BE24843815F0DB9A00219F13 /* Debug */,
				BE24843915F0DB9A00219F13 /* Release */,
			);
			defaultConfigurationIsVisible = 0;
			defaultConfigurationName = Release;
		};
/* End XCConfigurationList section */
	};
	rootObject = BE24840D15F0DB9900219F13 /* Project object */;
}
